{
  "nodes": {
    "autodocodec": {
      "flake": false,
      "locked": {
        "lastModified": 1669815191,
        "narHash": "sha256-WUZde/rfPR9L710NCLlEz+tkOc/h/Vn90WtkhfBS3nI=",
        "owner": "NorfairKing",
        "repo": "autodocodec",
        "rev": "b49e3f42012168006955e5e4c6a5dcf8e6f94ba6",
        "type": "github"
      },
      "original": {
        "owner": "NorfairKing",
        "ref": "flake",
        "repo": "autodocodec",
        "type": "github"
      }
    },
    "autodocodec_2": {
      "flake": false,
      "locked": {
        "lastModified": 1666331698,
        "narHash": "sha256-VrONoycKv3lOwN/oKet3Pix96aFNgK+PmLevzBgSsgY=",
        "owner": "NorfairKing",
        "repo": "autodocodec",
        "rev": "fdc5171d0f904613b6a8b986a909c7a8ade4d2f1",
        "type": "github"
      },
      "original": {
        "owner": "NorfairKing",
        "ref": "flake",
        "repo": "autodocodec",
        "type": "github"
      }
    },
    "dekking": {
      "flake": false,
      "locked": {
        "lastModified": 1670939911,
        "narHash": "sha256-xNUwy9ya2Zt+0AQIdxEzWX4ISl+Nq9cKrlAsrukN2Fc=",
        "owner": "NorfairKing",
        "repo": "dekking",
        "rev": "bba10e86af9c49b06cb72e7067d275f28f5587d5",
        "type": "github"
      },
      "original": {
        "owner": "NorfairKing",
        "repo": "dekking",
        "type": "github"
      }
    },
    "flake-compat": {
      "flake": false,
      "locked": {
        "lastModified": 1668681692,
        "narHash": "sha256-Ht91NGdewz8IQLtWZ9LCeNXMSXHUss+9COoqu6JLmXU=",
        "owner": "edolstra",
        "repo": "flake-compat",
        "rev": "009399224d5e398d03b22badca40a37ac85412a1",
        "type": "github"
      },
      "original": {
        "owner": "edolstra",
        "repo": "flake-compat",
        "type": "github"
      }
    },
    "flake-utils": {
      "locked": {
        "lastModified": 1659877975,
        "narHash": "sha256-zllb8aq3YO3h8B/U0/J1WBgAL8EX5yWf5pMj3G0NAmc=",
        "owner": "numtide",
        "repo": "flake-utils",
        "rev": "c0e246b9b83f637f4681389ecabcb2681b4f3af0",
        "type": "github"
      },
      "original": {
        "owner": "numtide",
        "repo": "flake-utils",
        "type": "github"
      }
    },
    "flake-utils_2": {
      "locked": {
        "lastModified": 1644229661,
        "narHash": "sha256-1YdnJAsNy69bpcjuoKdOYQX0YxZBiCYZo4Twxerqv7k=",
        "owner": "numtide",
        "repo": "flake-utils",
        "rev": "3cecb5b042f7f209c56ffd8371b2711a290ec797",
        "type": "github"
      },
      "original": {
        "owner": "numtide",
        "repo": "flake-utils",
        "type": "github"
      }
    },
    "flake-utils_3": {
      "locked": {
        "lastModified": 1667395993,
        "narHash": "sha256-nuEHfE/LcWyuSWnS8t12N1wc105Qtau+/OdUAjtQ0rA=",
        "owner": "numtide",
        "repo": "flake-utils",
        "rev": "5aed5285a952e0b949eb3ba02c12fa4fcfef535f",
        "type": "github"
      },
      "original": {
        "owner": "numtide",
        "repo": "flake-utils",
        "type": "github"
      }
    },
    "gitignore": {
      "inputs": {
        "nixpkgs": [
          "pre-commit-hooks",
          "nixpkgs"
        ]
      },
      "locked": {
        "lastModified": 1660459072,
        "narHash": "sha256-8DFJjXG8zqoONA1vXtgeKXy68KdJL5UaXR8NtVMUbx8=",
        "owner": "hercules-ci",
        "repo": "gitignore.nix",
        "rev": "a20de23b925fd8264fd7fad6454652e142fd7f73",
        "type": "github"
      },
      "original": {
        "owner": "hercules-ci",
        "repo": "gitignore.nix",
        "type": "github"
      }
    },
    "haskell-dependency-graph-nix": {
      "inputs": {
        "nixpkgs": [
          "nixpkgs"
        ],
        "pre-commit-hooks": [
          "pre-commit-hooks"
        ]
      },
      "locked": {
        "lastModified": 1670417232,
        "narHash": "sha256-mSKwKYAmOrKW2VQ7AL1x5GOFmbXd5FV02ImxdJl+mZg=",
        "owner": "NorfairKing",
        "repo": "haskell-dependency-graph-nix",
        "rev": "1dd987dee4863e47f69eae2b1e3df1b747d43e53",
        "type": "github"
      },
      "original": {
        "owner": "NorfairKing",
        "repo": "haskell-dependency-graph-nix",
        "type": "github"
      }
    },
    "intray": {
      "flake": false,
      "locked": {
        "lastModified": 1670943521,
        "narHash": "sha256-HbkXkJZxo+X3hJGJClfSfARY3fWgoo73IQZwFxof6XM=",
        "owner": "NorfairKing",
        "repo": "intray",
        "rev": "1464e7a1c4f7fe7f05afc900859517dc54269ed9",
        "type": "github"
      },
      "original": {
        "owner": "NorfairKing",
        "repo": "intray",
        "type": "github"
      }
    },
    "linkcheck": {
      "flake": false,
      "locked": {
        "lastModified": 1666446235,
        "narHash": "sha256-ZKZJZ7CtVT8PnrZQeyQZGRNhMlmAbeC+lxxbIh0U0ck=",
        "owner": "NorfairKing",
        "repo": "linkcheck",
        "rev": "bb0c6567379232fd9e6d5ae56214804200a63ce0",
        "type": "github"
      },
      "original": {
        "owner": "NorfairKing",
        "ref": "flake",
        "repo": "linkcheck",
        "type": "github"
      }
    },
    "looper": {
      "flake": false,
      "locked": {
        "lastModified": 1666610946,
        "narHash": "sha256-byrQaukKnBAKeyiX+gOO918HbLfhtj4Ak6IhYmV+wTU=",
        "owner": "NorfairKing",
        "repo": "looper",
        "rev": "efa1d48c9993caf88de1aeb26a16de37b4a2c0fd",
        "type": "github"
      },
      "original": {
        "owner": "NorfairKing",
        "ref": "flake",
        "repo": "looper",
        "type": "github"
      }
    },
    "mergeful": {
      "flake": false,
      "locked": {
        "lastModified": 1666635739,
        "narHash": "sha256-nadbMT/+iGEEeyL1qnSyTS7ZgzsszN9OqJvRp44Gp80=",
        "owner": "NorfairKing",
        "repo": "mergeful",
        "rev": "63ad193c17e2f5fd403869d1b539684b1a6c5d88",
        "type": "github"
      },
      "original": {
        "owner": "NorfairKing",
        "ref": "flake",
        "repo": "mergeful",
        "type": "github"
      }
    },
    "mergeless": {
      "flake": false,
      "locked": {
        "lastModified": 1666343409,
        "narHash": "sha256-AmF0cku1um9L70mfc9aJYNf3hIxoAWLMa/9m8m+/JIU=",
        "owner": "NorfairKing",
        "repo": "mergeless",
        "rev": "13b425eba8707da1dd0d64e5dcc469527c1a2674",
        "type": "github"
      },
      "original": {
        "owner": "NorfairKing",
        "ref": "flake",
        "repo": "mergeless",
        "type": "github"
      }
    },
    "nixpkgs": {
      "locked": {
        "lastModified": 1670772952,
        "narHash": "sha256-b7V3cGtMNcQ5c6hwRqqX+eIuNUj+O3orsb64BKPR9yc=",
        "owner": "NixOS",
        "repo": "nixpkgs",
        "rev": "dfef2e61107dc19c211ead99a5a61374ad8317f4",
        "type": "github"
      },
      "original": {
        "owner": "NixOS",
        "ref": "nixos-22.11",
        "repo": "nixpkgs",
        "type": "github"
      }
    },
    "nixpkgs-stable": {
      "locked": {
        "lastModified": 1668984258,
        "narHash": "sha256-0gDMJ2T3qf58xgcSbYoXiRGUkPWmKyr5C3vcathWhKs=",
        "owner": "NixOS",
        "repo": "nixpkgs",
        "rev": "cf63ade6f74bbc9d2a017290f1b2e33e8fbfa70a",
        "type": "github"
      },
      "original": {
        "owner": "NixOS",
        "ref": "nixos-22.05",
        "repo": "nixpkgs",
        "type": "github"
      }
    },
    "nixpkgs_2": {
      "locked": {
        "lastModified": 1666249138,
        "narHash": "sha256-CzK8NA8xEMKAhvHXB8UMODckcH97sZXm6lziKNWLv0M=",
        "owner": "NixOS",
        "repo": "nixpkgs",
        "rev": "44fc3cb097324c9f9f93313dd3f103e78d722968",
        "type": "github"
      },
      "original": {
        "owner": "NixOS",
        "ref": "nixos-22.05",
        "repo": "nixpkgs",
        "type": "github"
      }
    },
    "nixpkgs_3": {
      "locked": {
        "lastModified": 1645655918,
        "narHash": "sha256-ZfbEFRW7o237+A1P7eTKhXje435FCAoe0blj2n20Was=",
        "owner": "nixos",
        "repo": "nixpkgs",
        "rev": "77a7a4197740213879b9a1d2e1788c6c8ade4274",
        "type": "github"
      },
      "original": {
        "id": "nixpkgs",
        "type": "indirect"
      }
    },
    "nixpkgs_4": {
      "locked": {
        "lastModified": 1668994630,
        "narHash": "sha256-1lqx6HLyw6fMNX/hXrrETG1vMvZRGm2XVC9O/Jt0T6c=",
        "owner": "NixOS",
        "repo": "nixpkgs",
        "rev": "af50806f7c6ab40df3e6b239099e8f8385f6c78b",
        "type": "github"
      },
      "original": {
        "owner": "NixOS",
        "ref": "nixos-unstable",
        "repo": "nixpkgs",
        "type": "github"
      }
    },
    "openapi-code-generator": {
      "inputs": {
        "autodocodec": "autodocodec_2",
        "flake-utils": "flake-utils",
        "nixpkgs": "nixpkgs_2",
        "pre-commit-hooks": "pre-commit-hooks",
        "safe-coloured-text": "safe-coloured-text",
        "sydtest": "sydtest",
        "validity": "validity"
      },
      "locked": {
        "lastModified": 1666818406,
        "narHash": "sha256-uYjZ5M+NeJV5Q4Ps/TicSJJgpzVIJMsEOopBYO5AhmE=",
        "owner": "Haskell-OpenAPI-Code-Generator",
        "repo": "Haskell-OpenAPI-Client-Code-Generator",
        "rev": "b37f645f7305c4e1d205db47debb498cb698ee8c",
        "type": "github"
      },
      "original": {
        "owner": "Haskell-OpenAPI-Code-Generator",
        "ref": "flake",
        "repo": "Haskell-OpenAPI-Client-Code-Generator",
        "type": "github"
      }
    },
    "pre-commit-hooks": {
      "inputs": {
        "flake-utils": "flake-utils_2",
        "nixpkgs": "nixpkgs_3"
      },
      "locked": {
        "lastModified": 1666160137,
        "narHash": "sha256-8bQu+6poMzUyS2n3C1v3hkO6ZhRzj8Pf3CDCNckqQE4=",
        "owner": "cachix",
        "repo": "pre-commit-hooks.nix",
        "rev": "e6c8efee1c108bb27522b9fd25b1cd0eb3288681",
        "type": "github"
      },
      "original": {
        "owner": "cachix",
        "repo": "pre-commit-hooks.nix",
        "type": "github"
      }
    },
    "pre-commit-hooks_2": {
      "inputs": {
        "flake-compat": "flake-compat",
        "flake-utils": "flake-utils_3",
        "gitignore": "gitignore",
        "nixpkgs": "nixpkgs_4",
        "nixpkgs-stable": "nixpkgs-stable"
      },
      "locked": {
        "lastModified": 1670413394,
        "narHash": "sha256-M7sWqrKtOqUv9euX1t3HCxis8cPy9MNiZxQmUf0KF1o=",
        "owner": "cachix",
        "repo": "pre-commit-hooks.nix",
        "rev": "1303a1a76e9eb074075bfe566518c413f6fc104e",
        "type": "github"
      },
      "original": {
        "owner": "cachix",
        "repo": "pre-commit-hooks.nix",
        "type": "github"
      }
    },
    "pretty-relative-time": {
      "flake": false,
      "locked": {
        "lastModified": 1666635361,
        "narHash": "sha256-UDXYx0yUgv9oieqDaYJLyEZxJpVTcOQedXZ7WVhJDv8=",
        "owner": "NorfairKing",
        "repo": "pretty-relative-time",
        "rev": "b9e7f9bedb9c28652d40cf422e8477fcc8c5124e",
        "type": "github"
      },
      "original": {
        "owner": "NorfairKing",
        "ref": "flake",
        "repo": "pretty-relative-time",
        "type": "github"
      }
    },
    "root": {
      "inputs": {
        "autodocodec": "autodocodec",
        "dekking": "dekking",
        "haskell-dependency-graph-nix": "haskell-dependency-graph-nix",
        "intray": "intray",
        "linkcheck": "linkcheck",
        "looper": "looper",
        "mergeful": "mergeful",
        "mergeless": "mergeless",
        "nixpkgs": "nixpkgs",
        "openapi-code-generator": "openapi-code-generator",
        "pre-commit-hooks": "pre-commit-hooks_2",
        "pretty-relative-time": "pretty-relative-time",
        "safe-coloured-text": "safe-coloured-text_2",
        "seocheck": "seocheck",
        "sydtest": "sydtest_2",
        "typed-uuid": "typed-uuid",
        "validity": "validity_2",
        "yesod-autoreload": "yesod-autoreload",
        "yesod-static-remote": "yesod-static-remote"
      }
    },
    "safe-coloured-text": {
      "flake": false,
      "locked": {
        "lastModified": 1666332070,
        "narHash": "sha256-Jvx1599QUkgzPhdvSOrxEKKBXF42eYv26EgXwM+RguU=",
        "owner": "NorfairKing",
        "repo": "safe-coloured-text",
        "rev": "df6d65d1afb0140d081b685b411dcfe03ae6f789",
        "type": "github"
      },
      "original": {
        "owner": "NorfairKing",
        "ref": "flake",
        "repo": "safe-coloured-text",
        "type": "github"
      }
    },
    "safe-coloured-text_2": {
      "flake": false,
      "locked": {
        "lastModified": 1669815139,
        "narHash": "sha256-4XgAS5gJhv4XyuKUQs/qzyC6gxxhWSuvvrgMHOWRTQ4=",
        "owner": "NorfairKing",
        "repo": "safe-coloured-text",
        "rev": "f173907488eb51407a59c22cf36f422d872378e5",
        "type": "github"
      },
      "original": {
        "owner": "NorfairKing",
        "ref": "flake",
        "repo": "safe-coloured-text",
        "type": "github"
      }
    },
    "seocheck": {
      "flake": false,
      "locked": {
        "lastModified": 1666446550,
        "narHash": "sha256-wX5T3XDlhVnrl8+WYhewb5KTLHKvZFwXFqkFhz+xAAw=",
        "owner": "NorfairKing",
        "repo": "seocheck",
        "rev": "274c97eb1f2947d4b0392bf3b98d3d2c44138242",
        "type": "github"
      },
      "original": {
        "owner": "NorfairKing",
        "ref": "flake",
        "repo": "seocheck",
        "type": "github"
      }
    },
    "sydtest": {
      "flake": false,
      "locked": {
        "lastModified": 1666335564,
        "narHash": "sha256-RUAQuAaCCF+bFXWKQV9lx3Caj9pHp7l5NGnMfBaK05I=",
        "owner": "NorfairKing",
        "repo": "sydtest",
        "rev": "56eb625a7603652f475d0cfd4af50b700e9a5d1e",
        "type": "github"
      },
      "original": {
        "owner": "NorfairKing",
        "ref": "flake",
        "repo": "sydtest",
        "type": "github"
      }
    },
    "sydtest_2": {
      "flake": false,
      "locked": {
        "lastModified": 1669815242,
        "narHash": "sha256-VAX91l9rJdzB2uqfvbdysdBUE7rsyFTE8Nd5z7L3608=",
        "owner": "NorfairKing",
        "repo": "sydtest",
        "rev": "65dbb63fa32110d8e11fd9ae5a5b62449e9f53d9",
        "type": "github"
      },
      "original": {
        "owner": "NorfairKing",
        "ref": "flake",
        "repo": "sydtest",
        "type": "github"
      }
    },
    "typed-uuid": {
      "flake": false,
      "locked": {
        "lastModified": 1666800492,
        "narHash": "sha256-A4lcpSKaa6nK138zl5uyroQ1Z1nCFjdKiPqXGOE35CA=",
        "owner": "NorfairKing",
        "repo": "typed-uuid",
        "rev": "9772d7f8bfddda5fead98248dbbdd943c378690c",
        "type": "github"
      },
      "original": {
        "owner": "NorfairKing",
        "ref": "flake",
        "repo": "typed-uuid",
        "type": "github"
      }
    },
    "validity": {
      "flake": false,
      "locked": {
        "lastModified": 1666331942,
        "narHash": "sha256-xKqunzWw3w7OaKSatckNxn7gCKtusjaj9szhgBWQwAc=",
        "owner": "NorfairKing",
        "repo": "validity",
        "rev": "dc24b655564beaa6750e390e37e64f8b0b67e18f",
        "type": "github"
      },
      "original": {
        "owner": "NorfairKing",
        "ref": "flake",
        "repo": "validity",
        "type": "github"
      }
    },
    "validity_2": {
      "flake": false,
      "locked": {
        "lastModified": 1669815210,
        "narHash": "sha256-GRD5Klk38Drxotc3VnuUQbrG/i9kKe8BC+4+kGcNXTY=",
        "owner": "NorfairKing",
        "repo": "validity",
        "rev": "68c0e18aa350b1382e01e0d98c986b314b0340ce",
        "type": "github"
      },
      "original": {
        "owner": "NorfairKing",
        "ref": "flake",
        "repo": "validity",
        "type": "github"
      }
    },
    "yesod-autoreload": {
      "flake": false,
      "locked": {
        "lastModified": 1666454604,
        "narHash": "sha256-bywUaqeUhx9bYLf864Zo9JU6tbi6X7Ma+TxLyRBkDp0=",
        "owner": "NorfairKing",
        "repo": "yesod-autoreload",
        "rev": "7cd3145b1a29bd60e18c1fdcc666b4babe3507df",
        "type": "github"
      },
      "original": {
        "owner": "NorfairKing",
        "ref": "flake",
        "repo": "yesod-autoreload",
        "type": "github"
      }
    },
    "yesod-static-remote": {
      "flake": false,
      "locked": {
        "lastModified": 1666454779,
        "narHash": "sha256-TCs5uIM9v0tXDiJCA02H04AxOccOTeKnvciw5ZcZQls=",
        "owner": "NorfairKing",
        "repo": "yesod-static-remote",
        "rev": "a1c82a87e1b2c394fae4bf1f6b732a376444abc6",
        "type": "github"
      },
      "original": {
        "owner": "NorfairKing",
        "ref": "flake",
        "repo": "yesod-static-remote",
        "type": "github"
      }
    }
  },
  "root": "root",
  "version": 7
}
