# This file was autogenerated by Stack.
# You should not edit this file by hand.
# For more information, please see the documentation at:
#   https://docs.haskellstack.org/en/stable/lock_files

packages:
- completed:
    hackage: hlint-2.0.15@sha256:2ff1d25f65ae64033103da487eb4bd7f4e95667f4f88ed4b0fd514dcc34d9cc5,3349
    pantry-tree:
      size: 3797
      sha256: e224e378b0f796c1db5e6424f12a9853334acc0df19c0cac07a95459dde49826
  original:
    hackage: hlint-2.0.15
- completed:
    hackage: extra-1.6.5@sha256:e97770705d4304aa6597af4bfaff8d730db25d2e7a9252ba6fc0ea4229233aae,2606
    pantry-tree:
      size: 1759
      sha256: df420c3712cfcfea56cde0da1ef14f0878010024d34b1cdad12c6cb758657310
  original:
    hackage: extra-1.6.5
- completed:
    hackage: jose-0.6.0.3@sha256:4d11d253e43b6924eb837f36245f8ef0c784877cfc3a4d780cd1c2721368e465,3173
    pantry-tree:
      size: 1876
      sha256: 96a27ee64f980bd3faf62ba90ffd0d612164f35b7df380504ae761e74d586ab0
  original:
    hackage: jose-0.6.0.3
- completed:
    hackage: cookie-0.4.3@sha256:ab1e74e8fc7d96f8d67ed9f490e330cafe4fa42b3f7821213934023b075008a9,1685
    pantry-tree:
      size: 359
      sha256: 04da4404d154f876e9448aee2dcc63cc7dfd125033da1457cdd9af1a9272436f
  original:
    hackage: cookie-0.4.3
- completed:
    hackage: servant-auth-0.3.1.0@sha256:d4c130f62329aa98a463b9f14932dee8510f503dea96c2d1cc55b62cb8c9b4df,1705
    pantry-tree:
      size: 216
      sha256: 43a5b43c94615d65c6b5493e9a46f3206ea86454f2d03ff78a7f241ae6a4ea03
  original:
    hackage: servant-auth-0.3.1.0
- completed:
    hackage: servant-auth-client-0.3.2.0@sha256:5b75b3c0fa52443c1f548f08bb2677551c92d655ba6ff01bb3d62fbe3c04ff4f,3063
    pantry-tree:
      size: 427
      sha256: 87a0b3d32ad0e6a24e3de7cc37d3c85624e9118fe9c88cd74ded33578cd0133d
  original:
    hackage: servant-auth-client-0.3.2.0
- completed:
    hackage: servant-auth-docs-0.2.9.0@sha256:830601c9bbe1524e0b99060cc80c323080c2371b3185e218b9de041c850c1acc,2874
    pantry-tree:
      size: 334
      sha256: 8aea07e4afc9c5ffe5db60e7ea25e50c3259e6d639dedca40565262f8688c906
  original:
    hackage: servant-auth-docs-0.2.9.0
- completed:
    hackage: servant-auth-server-0.3.2.0@sha256:66bbbc3dfbf51289c4af9e1b64eed8a4082ae32ca0e9b964567cc1a2636ab0c6,4827
    pantry-tree:
      size: 1334
      sha256: 5f152b82ddb2f43fe2c22e93827df1be6992a6e99b82a68f5e7c9f535d1b8027
  original:
    hackage: servant-auth-server-0.3.2.0
- completed:
    hackage: servant-flatten-0.2@sha256:276896f7c5cdec5b8f8493f6205fded0cc602d050b58fdb09a6d7c85c3bb0837,1234
    pantry-tree:
      size: 325
      sha256: 04f12c7bef2c3f9a25d94eb9489752ed498db8e243069fe95838dbb51df1dcb3
  original:
    hackage: servant-flatten-0.2
- completed:
    hackage: servant-options-0.1.0.0@sha256:39f50166a68006250e79370372f553ca476f14d06d93fa0c401050253aeba803,914
    pantry-tree:
      size: 293
      sha256: 7812baf1b27c62068ba634207fbd7077b886424d666b36739a78c6d4008a1fd4
  original:
    hackage: servant-options-0.1.0.0
- completed:
    hackage: amazonka-1.6.0@sha256:e04f26108f99712b4fa532ba12bf5fecafda3783a8250aa74b7881c74a737cd6,3383
    pantry-tree:
      size: 992
      sha256: 844372afd49409dd7c200b5d57982ddbdcfad556f6a3f619b39098aeb84020dd
  original:
    hackage: amazonka-1.6.0
- completed:
    hackage: amazonka-core-1.6.0@sha256:d267a069c74791b73db7d3379e68107c0930ab30252b7f6a994a70899a0c2652,4957
    pantry-tree:
      size: 3438
      sha256: d54bf15a46e9c28f60cc8d52db1d6af8ed783802171abfe35eb7f327672e3d61
  original:
    hackage: amazonka-core-1.6.0
- completed:
    hackage: amazonka-ses-1.6.0@sha256:f06ef615c93a37730d4831193f18dd9f79392fcf306c6abee4bbf62a58a33a47,6425
    pantry-tree:
      size: 18151
      sha256: 4998f812e8eeb7a6cdc9379d1c78008154f0188757c42b55ff709d3a3027bc7a
  original:
    hackage: amazonka-ses-1.6.0
- completed:
    subdir: intray-data
    cabal-file:
      size: 1596
      sha256: 11bf3dc6461ff3b82d0ca4987119590178c7563952d1d3594a9773ba84f4ad2c
    name: intray-data
    version: 0.0.0.0
    git: git@github.com:NorfairKing/intray.git
    pantry-tree:
      size: 996
      sha256: b8a0f8b30a5e577e4f5782569d55f287651830460b89a6cc328d00110bec0b43
    commit: d6a5e1143ebf073742f1d2fc135b746b17f21d45
  original:
    subdir: intray-data
    git: git@github.com:NorfairKing/intray.git
    commit: d6a5e1143ebf073742f1d2fc135b746b17f21d45
- completed:
    subdir: intray-data-gen
    cabal-file:
      size: 1847
      sha256: e8d7fa8fedb843edf4e7a2b1053694e4e52ed095006c7f3fd27b25f1016db2f4
    name: intray-data-gen
    version: 0.0.0.0
    git: git@github.com:NorfairKing/intray.git
    pantry-tree:
      size: 448
      sha256: 7ef8b3abc7500a813ff4f063a03e7f2f89c7137f1edda16c5a22acf262c0dbda
    commit: d6a5e1143ebf073742f1d2fc135b746b17f21d45
  original:
    subdir: intray-data-gen
    git: git@github.com:NorfairKing/intray.git
    commit: d6a5e1143ebf073742f1d2fc135b746b17f21d45
- completed:
    subdir: intray-api
    cabal-file:
      size: 1840
      sha256: 0c4f8acb40bb6f02aacc0fa6bfb118601b92d8b6027c349d01c3746d9e1244b4
    name: intray-api
    version: 0.0.0.0
    git: git@github.com:NorfairKing/intray.git
    pantry-tree:
      size: 997
      sha256: 9c38724d9a03b5d53c15ea15d649cf9490e0a67f74cd2d46d1c386ee084939c9
    commit: d6a5e1143ebf073742f1d2fc135b746b17f21d45
  original:
    subdir: intray-api
    git: git@github.com:NorfairKing/intray.git
    commit: d6a5e1143ebf073742f1d2fc135b746b17f21d45
- completed:
    subdir: intray-api-gen
    cabal-file:
      size: 2152
      sha256: e9cda9449df94be0c9a9e27dd435ccf53ccd221c294ce1b1ae2a827688b4095c
    name: intray-api-gen
    version: 0.0.0.0
    git: git@github.com:NorfairKing/intray.git
    pantry-tree:
      size: 989
      sha256: 848635d2baaa0607ebcfe8b675263a2d7e3b34236aeee8d4982497a697044cc4
    commit: d6a5e1143ebf073742f1d2fc135b746b17f21d45
  original:
    subdir: intray-api-gen
    git: git@github.com:NorfairKing/intray.git
    commit: d6a5e1143ebf073742f1d2fc135b746b17f21d45
- completed:
    subdir: intray-client
    cabal-file:
      size: 1436
      sha256: 98d3d951cab529808abad9c7047c1f1d3a37723f4a2dca0c5a8b75f802c64f2d
    name: intray-client
    version: 0.0.0.0
    git: git@github.com:NorfairKing/intray.git
    pantry-tree:
      size: 263
      sha256: 5a52a7e50dd99bd79d9a51e9582496133a71ed8d8e48684b58b2322fe38521a6
    commit: d6a5e1143ebf073742f1d2fc135b746b17f21d45
  original:
    subdir: intray-client
    git: git@github.com:NorfairKing/intray.git
    commit: d6a5e1143ebf073742f1d2fc135b746b17f21d45
- completed:
    subdir: intray-server
    cabal-file:
      size: 3063
      sha256: aae11f990f59d4896fffc0626c55351b794e97317d12bd7d235d8ed2762474d4
    name: intray-server
    version: 0.0.0.0
    git: git@github.com:NorfairKing/intray.git
    pantry-tree:
      size: 2894
      sha256: 3f551ad639f99c35d7db256af7331ae6ffa6503a4275cadf02fe1e5113c6047d
    commit: d6a5e1143ebf073742f1d2fc135b746b17f21d45
  original:
    subdir: intray-server
    git: git@github.com:NorfairKing/intray.git
    commit: d6a5e1143ebf073742f1d2fc135b746b17f21d45
- completed:
    subdir: intray-server-test-utils
    cabal-file:
      size: 3550
      sha256: 6fc6f2b4d2e17145090ea7ad3669a2923ed60a1222e8b2f96e2233aa218d8600
    name: intray-server-test-utils
    version: 0.0.0.0
    git: git@github.com:NorfairKing/intray.git
    pantry-tree:
      size: 1726
      sha256: 7adb205ccf6a8432a5d1e6c0484996c2fabd6b4c7d0c2cacb87aa67c2b0b16c9
    commit: d6a5e1143ebf073742f1d2fc135b746b17f21d45
  original:
    subdir: intray-server-test-utils
    git: git@github.com:NorfairKing/intray.git
    commit: d6a5e1143ebf073742f1d2fc135b746b17f21d45
- completed:
    subdir: mergeless
    cabal-file:
      size: 1109
      sha256: c94a2a6da61f73f9b115364959aa1045184078db288692d5aed698e39b273423
    name: mergeless
    version: 0.1.0.0
    git: https://github.com/NorfairKing/mergeless.git
    pantry-tree:
      size: 263
      sha256: c2f0dc91ff9201edaa8781711abf47090091398511cef3c7b414e72ef851d0d1
    commit: 0198f9393e2ef71f26de6427541387be44fd499b
  original:
    subdir: mergeless
    git: https://github.com/NorfairKing/mergeless.git
    commit: 0198f9393e2ef71f26de6427541387be44fd499b
- completed:
    subdir: genvalidity-mergeless
    cabal-file:
      size: 1688
      sha256: fb6b4f67daf57c8e3f224dcde5689e2fd8eb399fe19634f4e4f85868ea89f05d
    name: genvalidity-mergeless
    version: 0.0.0.0
    git: https://github.com/NorfairKing/mergeless.git
    pantry-tree:
      size: 462
      sha256: b897101e1e110d72a64215d04fb74743bab1441c4d363d043b71aa97b58a11d0
    commit: 0198f9393e2ef71f26de6427541387be44fd499b
  original:
    subdir: genvalidity-mergeless
    git: https://github.com/NorfairKing/mergeless.git
    commit: 0198f9393e2ef71f26de6427541387be44fd499b
- completed:
    subdir: validity
    cabal-file:
      size: 2660
      sha256: b7f81a0aa133aead4d4dcbcf565e796dcb550f4729afee837901d6576d99a2b6
    name: validity
    version: 0.9.0.0
    git: git@github.com:NorfairKing/validity.git
    pantry-tree:
      size: 449
      sha256: 26f7d75e40b1e9c8af499b7b283495a5d5cf16e2d6b1547a2be63e11ced94772
    commit: d128cc30bc886e31ea7f8161fb7708c08b162937
  original:
    subdir: validity
    git: git@github.com:NorfairKing/validity.git
    commit: d128cc30bc886e31ea7f8161fb7708c08b162937
- completed:
    subdir: validity-aeson
    cabal-file:
      size: 1205
      sha256: a1b18ec057f94d1b9f7b83dfef47ff35c28bef4bfc0966727619ce58f989257f
    name: validity-aeson
    version: 0.2.0.2
    git: git@github.com:NorfairKing/validity.git
    pantry-tree:
      size: 215
      sha256: 6a19400ec07079c7707ff6f92363f201fd150776708b49b2a56fe57939a2b9e1
    commit: d128cc30bc886e31ea7f8161fb7708c08b162937
  original:
    subdir: validity-aeson
    git: git@github.com:NorfairKing/validity.git
    commit: d128cc30bc886e31ea7f8161fb7708c08b162937
- completed:
    subdir: validity-bytestring
    cabal-file:
      size: 1102
      sha256: 364d3dbdea7ec526b8671ba76abc378e840c6d342fe511a30bdc8f07e630f468
    name: validity-bytestring
    version: 0.4.0.0
    git: git@github.com:NorfairKing/validity.git
    pantry-tree:
      size: 273
      sha256: c6e275e21c1de45e2dddf96e0f485b4baa7ed0c0b04268b0f5a9f80a6e58dd95
    commit: d128cc30bc886e31ea7f8161fb7708c08b162937
  original:
    subdir: validity-bytestring
    git: git@github.com:NorfairKing/validity.git
    commit: d128cc30bc886e31ea7f8161fb7708c08b162937
- completed:
    subdir: validity-containers
    cabal-file:
      size: 1204
      sha256: b2c0c36bc96e195fd1cd00487283caf68ae4a47bc2f505661f612ed203dd3650
    name: validity-containers
    version: 0.3.1.0
    git: git@github.com:NorfairKing/validity.git
    pantry-tree:
      size: 482
      sha256: 5f6aae7483b458c8c98fa986ae3d63c6594979549e55ee2e07b06570ef733d6b
    commit: d128cc30bc886e31ea7f8161fb7708c08b162937
  original:
    subdir: validity-containers
    git: git@github.com:NorfairKing/validity.git
    commit: d128cc30bc886e31ea7f8161fb7708c08b162937
- completed:
    subdir: validity-path
    cabal-file:
      size: 1509
      sha256: 7e459e2efa3fe3e97d0abc15e740f8d66b536a1c85621481bc07b1c59e38686f
    name: validity-path
    version: 0.3.0.2
    git: git@github.com:NorfairKing/validity.git
    pantry-tree:
      size: 337
      sha256: db3b45fdf2270efc9398eaade08b59cf46414be792acee7a1cbb23caeecb07fd
    commit: d128cc30bc886e31ea7f8161fb7708c08b162937
  original:
    subdir: validity-path
    git: git@github.com:NorfairKing/validity.git
    commit: d128cc30bc886e31ea7f8161fb7708c08b162937
- completed:
    subdir: validity-scientific
    cabal-file:
      size: 1097
      sha256: 20f06c7481a1448257021f3f10896a407199d67cc69cd7e937ea3377ee392ef6
    name: validity-scientific
    version: 0.2.0.2
    git: git@github.com:NorfairKing/validity.git
    pantry-tree:
      size: 220
      sha256: 9bd610f4eb2b23ff98f21ebd18f7144d1b9aa7f8f3850b92b0c2cf7cfb393c6b
    commit: d128cc30bc886e31ea7f8161fb7708c08b162937
  original:
    subdir: validity-scientific
    git: git@github.com:NorfairKing/validity.git
    commit: d128cc30bc886e31ea7f8161fb7708c08b162937
- completed:
    subdir: validity-text
    cabal-file:
      size: 1084
      sha256: a8d2ff7aa6cec9daaecf5e6ea3b83ee6bf823418d134132af82fc6087d20d280
    name: validity-text
    version: 0.3.1.0
    git: git@github.com:NorfairKing/validity.git
    pantry-tree:
      size: 267
      sha256: d518cda143cbce68ca12fd0b316c63c9c1af7b927f7410d876d6989133a4e173
    commit: d128cc30bc886e31ea7f8161fb7708c08b162937
  original:
    subdir: validity-text
    git: git@github.com:NorfairKing/validity.git
    commit: d128cc30bc886e31ea7f8161fb7708c08b162937
- completed:
    subdir: validity-time
    cabal-file:
      size: 1204
      sha256: dfe2f8e9be9da6a18b1674932c7a2d34ec18ec6dbfac994ddf4111b640466435
    name: validity-time
    version: 0.2.0.2
    git: git@github.com:NorfairKing/validity.git
    pantry-tree:
      size: 508
      sha256: 922ee1d731b2b32b33c664899013fb9f4f1a9d6c9ecf139e210a489abde7b315
    commit: d128cc30bc886e31ea7f8161fb7708c08b162937
  original:
    subdir: validity-time
    git: git@github.com:NorfairKing/validity.git
    commit: d128cc30bc886e31ea7f8161fb7708c08b162937
- completed:
    subdir: validity-unordered-containers
    cabal-file:
      size: 1230
      sha256: 1c9a52512e148dfa75af1a69238bafc559bbdd444e580ea953185d386a3060be
    name: validity-unordered-containers
    version: 0.2.0.2
    git: git@github.com:NorfairKing/validity.git
    pantry-tree:
      size: 365
      sha256: bb587db1f36a689d01c77ef51238666613e5b4151b85a7f94d0c080d8c3a6ae3
    commit: d128cc30bc886e31ea7f8161fb7708c08b162937
  original:
    subdir: validity-unordered-containers
    git: git@github.com:NorfairKing/validity.git
    commit: d128cc30bc886e31ea7f8161fb7708c08b162937
- completed:
    subdir: validity-uuid
    cabal-file:
      size: 1067
      sha256: 32ab0f09c555d4cf78c383e3e7b494214c791c88c404809e2bca93845d07fd77
    name: validity-uuid
    version: 0.1.0.2
    git: git@github.com:NorfairKing/validity.git
    pantry-tree:
      size: 214
      sha256: dfb2c88e3e57bcbc7965f6b76fd07bc2b2e23a773405373cc64668e45bd6dc93
    commit: d128cc30bc886e31ea7f8161fb7708c08b162937
  original:
    subdir: validity-uuid
    git: git@github.com:NorfairKing/validity.git
    commit: d128cc30bc886e31ea7f8161fb7708c08b162937
- completed:
    subdir: validity-vector
    cabal-file:
      size: 1097
      sha256: f9df23108a8fe3315805c6528084578d6522c23d697e29dad2cf4b16359d0f75
    name: validity-vector
    version: 0.2.0.2
    git: git@github.com:NorfairKing/validity.git
    pantry-tree:
      size: 216
      sha256: 82160689c868ab8c2817f29586d43380e940f7546f33b8feef0ff71841561b5a
    commit: d128cc30bc886e31ea7f8161fb7708c08b162937
  original:
    subdir: validity-vector
    git: git@github.com:NorfairKing/validity.git
    commit: d128cc30bc886e31ea7f8161fb7708c08b162937
- completed:
    subdir: genvalidity
    cabal-file:
      size: 2863
      sha256: d0bbd356c21b16e7edf12ed83a2e45580ffa5460c0d617b6b3a0fd5ab32a94d0
    name: genvalidity
    version: 0.7.0.0
    git: git@github.com:NorfairKing/validity.git
    pantry-tree:
      size: 685
      sha256: 27e8d07a3e0002969ad46cbe1d5d00ec0f5dd2adcfd38da94d7bc707c6f6a937
    commit: d128cc30bc886e31ea7f8161fb7708c08b162937
  original:
    subdir: genvalidity
    git: git@github.com:NorfairKing/validity.git
    commit: d128cc30bc886e31ea7f8161fb7708c08b162937
- completed:
    subdir: genvalidity-aeson
    cabal-file:
      size: 1693
      sha256: da3ecf23b1f41bcf44713e6ac3d1848f9f3652df33456aaafd3fdc6738d78dae
    name: genvalidity-aeson
    version: 0.2.0.2
    git: git@github.com:NorfairKing/validity.git
    pantry-tree:
      size: 341
      sha256: 4656330d0ecaafa44baeae6d6637783177f84f76409e060e99d0219985f05465
    commit: d128cc30bc886e31ea7f8161fb7708c08b162937
  original:
    subdir: genvalidity-aeson
    git: git@github.com:NorfairKing/validity.git
    commit: d128cc30bc886e31ea7f8161fb7708c08b162937
- completed:
    subdir: genvalidity-bytestring
    cabal-file:
      size: 1689
      sha256: ef3e81e3a07bbfba04ad867677fc3127a945d34e7dbcd1520f9a11dd9600155e
    name: genvalidity-bytestring
    version: 0.3.0.1
    git: git@github.com:NorfairKing/validity.git
    pantry-tree:
      size: 407
      sha256: d832b04006cbbdd2eea6299600bf516717d54da7f799bfe08df88ce64d6e4b8d
    commit: d128cc30bc886e31ea7f8161fb7708c08b162937
  original:
    subdir: genvalidity-bytestring
    git: git@github.com:NorfairKing/validity.git
    commit: d128cc30bc886e31ea7f8161fb7708c08b162937
- completed:
    subdir: genvalidity-containers
    cabal-file:
      size: 1871
      sha256: a6fe2687d6e464c0ef360a6f7c619d2b5c616fc2e5f154b4041f9fd2d697916e
    name: genvalidity-containers
    version: 0.5.1.1
    git: git@github.com:NorfairKing/validity.git
    pantry-tree:
      size: 924
      sha256: 7a5ef28f5ec8cac75b485b5644e6b9b38d8af68a0a1cd885805036f4c26aef0f
    commit: d128cc30bc886e31ea7f8161fb7708c08b162937
  original:
    subdir: genvalidity-containers
    git: git@github.com:NorfairKing/validity.git
    commit: d128cc30bc886e31ea7f8161fb7708c08b162937
- completed:
    subdir: genvalidity-hspec
    cabal-file:
      size: 3277
      sha256: 5c74c14f8e5b4fa584dd3651de417d1e345da47700915940a22023726c671e6c
    name: genvalidity-hspec
    version: 0.6.2.1
    git: git@github.com:NorfairKing/validity.git
    pantry-tree:
      size: 2183
      sha256: f16b0c12e12c74b47d8b933310026622b185bb75505b39464459dfba03dc3448
    commit: d128cc30bc886e31ea7f8161fb7708c08b162937
  original:
    subdir: genvalidity-hspec
    git: git@github.com:NorfairKing/validity.git
    commit: d128cc30bc886e31ea7f8161fb7708c08b162937
- completed:
    subdir: genvalidity-hspec-aeson
    cabal-file:
      size: 2147
      sha256: 6a254dc87e695618b452a07ee057fdc32f7ec1c6fc07337ce66bf248284911bb
    name: genvalidity-hspec-aeson
    version: 0.3.0.1
    git: git@github.com:NorfairKing/validity.git
    pantry-tree:
      size: 497
      sha256: 5ba92a0300a91fee0e0c04b9a4ab748da4ed8cd072d5de2703270120f962f7b4
    commit: d128cc30bc886e31ea7f8161fb7708c08b162937
  original:
    subdir: genvalidity-hspec-aeson
    git: git@github.com:NorfairKing/validity.git
    commit: d128cc30bc886e31ea7f8161fb7708c08b162937
- completed:
    subdir: genvalidity-path
    cabal-file:
      size: 1923
      sha256: d5f0a9a77c13fd58d74e1b877a7b4cb21965034d83e0c359d46505bf43d931e0
    name: genvalidity-path
    version: 0.3.0.2
    git: git@github.com:NorfairKing/validity.git
    pantry-tree:
      size: 397
      sha256: 54168c76137432167214fc05a8f4c7d7dca6ccd316d56b091cd94c3368bc42ce
    commit: d128cc30bc886e31ea7f8161fb7708c08b162937
  original:
    subdir: genvalidity-path
    git: git@github.com:NorfairKing/validity.git
    commit: d128cc30bc886e31ea7f8161fb7708c08b162937
- completed:
    subdir: genvalidity-property
    cabal-file:
      size: 2312
      sha256: f1dc956f0bbbef0ccacdd1e1cb1b0ccbca3601437244310bdf38421c1a1497f4
    name: genvalidity-property
    version: 0.3.0.0
    git: git@github.com:NorfairKing/validity.git
    pantry-tree:
      size: 1922
      sha256: 0a1db561eaa824ffb76e8f8bcc325588bd03427256218d040a98000f19fefc6c
    commit: d128cc30bc886e31ea7f8161fb7708c08b162937
  original:
    subdir: genvalidity-property
    git: git@github.com:NorfairKing/validity.git
    commit: d128cc30bc886e31ea7f8161fb7708c08b162937
- completed:
    subdir: genvalidity-scientific
    cabal-file:
      size: 1648
      sha256: 7b4d1333799377daf6e4b1ea0bd94c42076545d985e6984feabd7423a3048668
    name: genvalidity-scientific
    version: 0.2.1.0
    git: git@github.com:NorfairKing/validity.git
    pantry-tree:
      size: 405
      sha256: 712ae09b3becc1f632d020407d882da5df9f940b9eb6facacd2f5254400f01b7
    commit: d128cc30bc886e31ea7f8161fb7708c08b162937
  original:
    subdir: genvalidity-scientific
    git: git@github.com:NorfairKing/validity.git
    commit: d128cc30bc886e31ea7f8161fb7708c08b162937
- completed:
    subdir: genvalidity-text
    cabal-file:
      size: 1594
      sha256: 4583f1acf605a14201bc99483cf24cbd00f29e4c8048bc152797058974cb3cad
    name: genvalidity-text
    version: 0.5.1.0
    git: git@github.com:NorfairKing/validity.git
    pantry-tree:
      size: 395
      sha256: 5aa938d9529f688e3cd2624db1a1f157c160050e6521a7631b194910b002a09a
    commit: d128cc30bc886e31ea7f8161fb7708c08b162937
  original:
    subdir: genvalidity-text
    git: git@github.com:NorfairKing/validity.git
    commit: d128cc30bc886e31ea7f8161fb7708c08b162937
- completed:
    subdir: genvalidity-time
    cabal-file:
      size: 1670
      sha256: b6a2982757b6f42119668ce25748466c421f08b376312d4c1ee2fb28ffa9494e
    name: genvalidity-time
    version: 0.2.1.1
    git: git@github.com:NorfairKing/validity.git
    pantry-tree:
      size: 647
      sha256: 45d7af2712647fec971b3b7c81d27571331fd0250bfa15fab1692189c32767dc
    commit: d128cc30bc886e31ea7f8161fb7708c08b162937
  original:
    subdir: genvalidity-time
    git: git@github.com:NorfairKing/validity.git
    commit: d128cc30bc886e31ea7f8161fb7708c08b162937
- completed:
    subdir: genvalidity-unordered-containers
    cabal-file:
      size: 1820
      sha256: df1f37ee8e26c9b6dfd56cdf43a336d02eac9ca36a89515b9eb82f8f46205c54
    name: genvalidity-unordered-containers
    version: 0.2.0.4
    git: git@github.com:NorfairKing/validity.git
    pantry-tree:
      size: 564
      sha256: d26f4f8e1902b1f62a49baecd59d9e3472a06c801397e71c6a415943db2b724e
    commit: d128cc30bc886e31ea7f8161fb7708c08b162937
  original:
    subdir: genvalidity-unordered-containers
    git: git@github.com:NorfairKing/validity.git
    commit: d128cc30bc886e31ea7f8161fb7708c08b162937
- completed:
    subdir: genvalidity-uuid
    cabal-file:
      size: 1582
      sha256: bad5c9b377b719334f095abdfc2b8ed0373fbb4f3f8ea3e127f4b6e7c74a8dde
    name: genvalidity-uuid
    version: 0.1.0.2
    git: git@github.com:NorfairKing/validity.git
    pantry-tree:
      size: 341
      sha256: 3fe8bc6b82967d22c43855b064d81b430b6291c5e2954c9c23146c6a40a9a8c1
    commit: d128cc30bc886e31ea7f8161fb7708c08b162937
  original:
    subdir: genvalidity-uuid
    git: git@github.com:NorfairKing/validity.git
    commit: d128cc30bc886e31ea7f8161fb7708c08b162937
- completed:
    subdir: genvalidity-vector
    cabal-file:
      size: 1564
      sha256: c0a3252c9a40f3b79d93849e6b7693642982c9219708fe5677eac2d3d0c979d5
    name: genvalidity-vector
    version: 0.2.0.3
    git: git@github.com:NorfairKing/validity.git
    pantry-tree:
      size: 394
      sha256: 651127e5152c2d6f79aafa905bdcc3bbab69076a02d066963c2674de2428df70
    commit: d128cc30bc886e31ea7f8161fb7708c08b162937
  original:
    subdir: genvalidity-vector
    git: git@github.com:NorfairKing/validity.git
    commit: d128cc30bc886e31ea7f8161fb7708c08b162937
- completed:
    subdir: typed-uuid
    cabal-file:
      size: 1291
      sha256: b9de24a5b4c5d6aae1ffe2d61b0effa1aba822a2faa13a1149152899409d1309
    name: typed-uuid
    version: 0.0.0.1
    git: https://github.com/NorfairKing/typed-uuid.git
    pantry-tree:
      size: 308
      sha256: 5f77a1e32448368df62e17a78997b20b678e7fcdf4a97287314c53b8dc01fc91
    commit: 155c9ec880ca1c12f7dd8a8468b3626de8164823
  original:
    subdir: typed-uuid
    git: https://github.com/NorfairKing/typed-uuid.git
    commit: 155c9ec880ca1c12f7dd8a8468b3626de8164823
- completed:
    subdir: genvalidity-typed-uuid
    cabal-file:
      size: 1722
      sha256: 71811bb6b273123f208a6bb58ade0382a11ec4aaec491b7532b3d3146e7c68dd
    name: genvalidity-typed-uuid
    version: 0.0.0.1
    git: https://github.com/NorfairKing/typed-uuid.git
    pantry-tree:
      size: 438
      sha256: 215f6522a33dd4534f654385ff8fd6d7f9427ee0e42bfa1a8d06ca8e22ba089a
    commit: 155c9ec880ca1c12f7dd8a8468b3626de8164823
  original:
    subdir: genvalidity-typed-uuid
    git: https://github.com/NorfairKing/typed-uuid.git
    commit: 155c9ec880ca1c12f7dd8a8468b3626de8164823
- completed:
    cabal-file:
      size: 1777
      sha256: 73f31fa2b1aa463a7192e886111f74690eefe197911503295056e9b5f0d910e3
    name: pretty-relative-time
    version: 0.0.0.0
    git: git@github.com:NorfairKing/pretty-relative-time.git
    pantry-tree:
      size: 1331
      sha256: ae3996fd5fb3e3504c5bd95c8399132b0433b176cd3d24cb5da9877cde4838e4
    commit: 21b29c9d729ed91a56819f569de6fdc8582d7e3d
  original:
    git: git@github.com:NorfairKing/pretty-relative-time.git
    commit: 21b29c9d729ed91a56819f569de6fdc8582d7e3d
snapshots:
- completed:
    size: 507596
    url: https://raw.githubusercontent.com/commercialhaskell/stackage-snapshots/master/lts/11/9.yaml
    sha256: 42f472dbf06482da1b3319241f3e3b3593a45bd7d4f537d2789f21386b9b2ad3
  original: lts-11.9
