# This file was autogenerated by Stack.
# You should not edit this file by hand.
# For more information, please see the documentation at:
#   https://docs.haskellstack.org/en/stable/lock_files

packages:
- completed:
    hackage: amazonka-1.6.0@sha256:e04f26108f99712b4fa532ba12bf5fecafda3783a8250aa74b7881c74a737cd6,3383
    pantry-tree:
      size: 992
      sha256: 844372afd49409dd7c200b5d57982ddbdcfad556f6a3f619b39098aeb84020dd
  original:
    hackage: amazonka-1.6.0
- completed:
    hackage: amazonka-core-1.6.0@sha256:d267a069c74791b73db7d3379e68107c0930ab30252b7f6a994a70899a0c2652,4957
    pantry-tree:
      size: 3438
      sha256: d54bf15a46e9c28f60cc8d52db1d6af8ed783802171abfe35eb7f327672e3d61
  original:
    hackage: amazonka-core-1.6.0
- completed:
    hackage: amazonka-ses-1.6.0@sha256:f06ef615c93a37730d4831193f18dd9f79392fcf306c6abee4bbf62a58a33a47,6425
    pantry-tree:
      size: 18151
      sha256: 4998f812e8eeb7a6cdc9379d1c78008154f0188757c42b55ff709d3a3027bc7a
  original:
    hackage: amazonka-ses-1.6.0
- completed:
    hackage: servant-auth-client-0.4.0.0@sha256:68879b7f44d87f73ef68c7bb21006167f5623c4cd6a2a3fce4d5ea3959a8c730,3426
    pantry-tree:
      size: 479
      sha256: 14f37523a46f59268a6b3896f419c29d6147936c1e44412db13d4ddc477f3f2b
  original:
    hackage: servant-auth-client-0.4.0.0@sha256:68879b7f44d87f73ef68c7bb21006167f5623c4cd6a2a3fce4d5ea3959a8c730,3426
- completed:
    hackage: servant-flatten-0.2@sha256:276896f7c5cdec5b8f8493f6205fded0cc602d050b58fdb09a6d7c85c3bb0837,1234
    pantry-tree:
      size: 325
      sha256: 04f12c7bef2c3f9a25d94eb9489752ed498db8e243069fe95838dbb51df1dcb3
  original:
    hackage: servant-flatten-0.2@sha256:276896f7c5cdec5b8f8493f6205fded0cc602d050b58fdb09a6d7c85c3bb0837,1234
- completed:
    hackage: http-client-0.5.14@sha256:4880b27d6741e331454a1d4c887d96ce3d7d625322c8433983a4b1cd08538577,5348
    pantry-tree:
      size: 2457
      sha256: 02bcffba9cad572fefb4640f5fc9be68e770b32ab73efcac649db20290994c6d
  original:
    hackage: http-client-0.5.14@sha256:4880b27d6741e331454a1d4c887d96ce3d7d625322c8433983a4b1cd08538577,5348
- completed:
    size: 5899
    url: https://github.com/NorfairKing/looper/archive/929a8ad6a99a84624767bd9d619cc5318c6bda56.tar.gz
    name: looper
    version: 0.0.0.2
    sha256: ac508bb39629fb414c43027c51e70ec5d96f57bfc4e3e98af80e0ecb0de089c0
    pantry-tree:
      size: 670
      sha256: 7526e3334146d7e85002e4e875b824e22871aa6e1815e5ae9a957aa709802beb
  original:
    url: https://github.com/NorfairKing/looper/archive/929a8ad6a99a84624767bd9d619cc5318c6bda56.tar.gz
- completed:
    size: 3570
    url: https://github.com/NorfairKing/yesod-static-remote/archive/22c0a92c1d62f1b8d432003844ef0636a9131b08.tar.gz
    name: yesod-static-remote
    version: 0.0.0.0
    sha256: c965419e480551685dff83e75ceadc156b550d2e3274198bf033a752ab635870
    pantry-tree:
      size: 443
      sha256: 55bd433a4c11019454d888f75eda7867931f7eea14e28fbbb7d363ec310adcc7
  original:
    url: https://github.com/NorfairKing/yesod-static-remote/archive/22c0a92c1d62f1b8d432003844ef0636a9131b08.tar.gz
- completed:
    size: 65121
    subdir: stripe-core
    url: https://github.com/NorfairKing/stripe/archive/7ced8cef1e932d3fb222dfb3c79c25595cdc82ab.tar.gz
    name: stripe-core
    version: 2.5.0
    sha256: d1a62b836804a8e2648a58c5d8fc8ead04605aba36b87e516ed0f67683b4b0e2
    pantry-tree:
      size: 2188
      sha256: 28ba6ffbf7b7f3ea51bc2528f3743b8652f2657f9a5fc1f32529ab8713ced8f5
  original:
    subdir: stripe-core
    url: https://github.com/NorfairKing/stripe/archive/7ced8cef1e932d3fb222dfb3c79c25595cdc82ab.tar.gz
- completed:
    size: 65121
    subdir: stripe-haskell
    url: https://github.com/NorfairKing/stripe/archive/7ced8cef1e932d3fb222dfb3c79c25595cdc82ab.tar.gz
    name: stripe-haskell
    version: 2.5.0
    sha256: d1a62b836804a8e2648a58c5d8fc8ead04605aba36b87e516ed0f67683b4b0e2
    pantry-tree:
      size: 577
      sha256: 06072a61ce28a02aed96e215aeca288bc5326c4a43795ee25b3c08dc39a6be1a
  original:
    subdir: stripe-haskell
    url: https://github.com/NorfairKing/stripe/archive/7ced8cef1e932d3fb222dfb3c79c25595cdc82ab.tar.gz
- completed:
    size: 65121
    subdir: stripe-http-client
    url: https://github.com/NorfairKing/stripe/archive/7ced8cef1e932d3fb222dfb3c79c25595cdc82ab.tar.gz
    name: stripe-http-client
    version: 2.5.0
    sha256: d1a62b836804a8e2648a58c5d8fc8ead04605aba36b87e516ed0f67683b4b0e2
    pantry-tree:
      size: 343
      sha256: e74cdf831d5ddc34df6da9892b84905c877793be82a879739fadf1711b053aa3
  original:
    subdir: stripe-http-client
    url: https://github.com/NorfairKing/stripe/archive/7ced8cef1e932d3fb222dfb3c79c25595cdc82ab.tar.gz
- completed:
    size: 65121
    subdir: stripe-http-streams
    url: https://github.com/NorfairKing/stripe/archive/7ced8cef1e932d3fb222dfb3c79c25595cdc82ab.tar.gz
    name: stripe-http-streams
    version: 2.5.0
    sha256: d1a62b836804a8e2648a58c5d8fc8ead04605aba36b87e516ed0f67683b4b0e2
    pantry-tree:
      size: 345
      sha256: 78baec8956fde3989e0d7b5e21862e49fdab8d85f86cf6d05d0abbe192ad1e4e
  original:
    subdir: stripe-http-streams
    url: https://github.com/NorfairKing/stripe/archive/7ced8cef1e932d3fb222dfb3c79c25595cdc82ab.tar.gz
- completed:
    size: 126577
    subdir: intray-data
    url: https://github.com/NorfairKing/intray/archive/fbe9968eec15fdab271b12ea11e140084ea75f13.tar.gz
    name: intray-data
    version: 0.0.0.0
    sha256: 517b89eba6f172c3b2fd2b49302f23bfd92046559492411b3468326444917bf0
    pantry-tree:
      size: 1025
      sha256: 94b9dfc7892ed3eed02cd8c44b808a0cd730f70964eaf037cf68660cbaa454e0
  original:
    subdir: intray-data
    url: https://github.com/NorfairKing/intray/archive/fbe9968eec15fdab271b12ea11e140084ea75f13.tar.gz
- completed:
    size: 126577
    subdir: intray-data-gen
    url: https://github.com/NorfairKing/intray/archive/fbe9968eec15fdab271b12ea11e140084ea75f13.tar.gz
    name: intray-data-gen
    version: 0.0.0.0
    sha256: 517b89eba6f172c3b2fd2b49302f23bfd92046559492411b3468326444917bf0
    pantry-tree:
      size: 463
      sha256: 7ba7d1301f9390bb806d9219a0fc1d8294553ab1951ea810ac5cfab23992f383
  original:
    subdir: intray-data-gen
    url: https://github.com/NorfairKing/intray/archive/fbe9968eec15fdab271b12ea11e140084ea75f13.tar.gz
- completed:
    size: 126577
    subdir: intray-api
    url: https://github.com/NorfairKing/intray/archive/fbe9968eec15fdab271b12ea11e140084ea75f13.tar.gz
    name: intray-api
    version: 0.0.0.0
    sha256: 517b89eba6f172c3b2fd2b49302f23bfd92046559492411b3468326444917bf0
    pantry-tree:
      size: 998
      sha256: 4276c22eb4efb19aab8d3cb3e73a92129af54d805f7ed061d2e6c924f9663073
  original:
    subdir: intray-api
    url: https://github.com/NorfairKing/intray/archive/fbe9968eec15fdab271b12ea11e140084ea75f13.tar.gz
- completed:
    size: 126577
    subdir: intray-api-gen
    url: https://github.com/NorfairKing/intray/archive/fbe9968eec15fdab271b12ea11e140084ea75f13.tar.gz
    name: intray-api-gen
    version: 0.0.0.0
    sha256: 517b89eba6f172c3b2fd2b49302f23bfd92046559492411b3468326444917bf0
    pantry-tree:
      size: 990
      sha256: c1639a156917bba7cdc8ffa5968ef27299a48d6a5c70f544a5266a4883573dee
  original:
    subdir: intray-api-gen
    url: https://github.com/NorfairKing/intray/archive/fbe9968eec15fdab271b12ea11e140084ea75f13.tar.gz
- completed:
    size: 126577
    subdir: intray-client
    url: https://github.com/NorfairKing/intray/archive/fbe9968eec15fdab271b12ea11e140084ea75f13.tar.gz
    name: intray-client
    version: 0.0.0.0
    sha256: 517b89eba6f172c3b2fd2b49302f23bfd92046559492411b3468326444917bf0
    pantry-tree:
      size: 263
      sha256: e8f672e431e6094dfc24722db951c64688048e4f96281eefdbd618a84fdd1c6f
  original:
    subdir: intray-client
    url: https://github.com/NorfairKing/intray/archive/fbe9968eec15fdab271b12ea11e140084ea75f13.tar.gz
- completed:
    size: 126577
    subdir: intray-server
    url: https://github.com/NorfairKing/intray/archive/fbe9968eec15fdab271b12ea11e140084ea75f13.tar.gz
    name: intray-server
    version: 0.0.0.0
    sha256: 517b89eba6f172c3b2fd2b49302f23bfd92046559492411b3468326444917bf0
    pantry-tree:
      size: 3638
      sha256: c3fe50e0884a2cb9d591193d02082793a26507082c305adb4ccad52ce59ce1d6
  original:
    subdir: intray-server
    url: https://github.com/NorfairKing/intray/archive/fbe9968eec15fdab271b12ea11e140084ea75f13.tar.gz
- completed:
    size: 126577
    subdir: intray-server-test-utils
    url: https://github.com/NorfairKing/intray/archive/fbe9968eec15fdab271b12ea11e140084ea75f13.tar.gz
    name: intray-server-test-utils
    version: 0.0.0.0
    sha256: 517b89eba6f172c3b2fd2b49302f23bfd92046559492411b3468326444917bf0
    pantry-tree:
      size: 1725
      sha256: 54d46d8474199034cac46bd0a742187f71a0424bcd764d58bb568e1f57d61102
  original:
    subdir: intray-server-test-utils
    url: https://github.com/NorfairKing/intray/archive/fbe9968eec15fdab271b12ea11e140084ea75f13.tar.gz
- completed:
    size: 16443
    subdir: mergeless
    url: https://github.com/NorfairKing/mergeless/archive/3d5f4b54cc2c4c8c6f33a716bc6b67f376b8d1d5.tar.gz
    name: mergeless
    version: 0.1.0.0
    sha256: 38ca5a46593ce702148206574e0e67ad75223c9855cc85245a3982264349c8a3
    pantry-tree:
      size: 402
      sha256: 41c76e839900460f51b4a9469664bb62ddeee13811fa88853fb30a117bbbe076
  original:
    subdir: mergeless
    url: https://github.com/NorfairKing/mergeless/archive/3d5f4b54cc2c4c8c6f33a716bc6b67f376b8d1d5.tar.gz
- completed:
    size: 16443
    subdir: genvalidity-mergeless
    url: https://github.com/NorfairKing/mergeless/archive/3d5f4b54cc2c4c8c6f33a716bc6b67f376b8d1d5.tar.gz
    name: genvalidity-mergeless
    version: 0.0.0.0
    sha256: 38ca5a46593ce702148206574e0e67ad75223c9855cc85245a3982264349c8a3
    pantry-tree:
      size: 695
      sha256: 9755bc2efd1a496211b5f8328ceba844d0c8196b2f9dfbc167619122046adb8d
  original:
    subdir: genvalidity-mergeless
    url: https://github.com/NorfairKing/mergeless/archive/3d5f4b54cc2c4c8c6f33a716bc6b67f376b8d1d5.tar.gz
- completed:
    size: 91828
    subdir: validity
    url: https://github.com/NorfairKing/validity/archive/165c75d350460c0f936600b17795ba40b298786b.tar.gz
    name: validity
    version: 0.9.0.2
    sha256: 0694407e4088c84f00f3a680fd68563a364b75c6fc60ce852ced8670430ac515
    pantry-tree:
      size: 450
      sha256: c867ce05c1c8209f811eb447c33b9941544eebcd1d880e2f157c8f321b425560
  original:
    subdir: validity
    url: https://github.com/NorfairKing/validity/archive/165c75d350460c0f936600b17795ba40b298786b.tar.gz
- completed:
    size: 91828
    subdir: validity-aeson
    url: https://github.com/NorfairKing/validity/archive/165c75d350460c0f936600b17795ba40b298786b.tar.gz
    name: validity-aeson
    version: 0.2.0.2
    sha256: 0694407e4088c84f00f3a680fd68563a364b75c6fc60ce852ced8670430ac515
    pantry-tree:
      size: 215
      sha256: 11897b058a1da297bbe42597f8de8c2abf40ba390f78d46b23223e315bf66586
  original:
    subdir: validity-aeson
    url: https://github.com/NorfairKing/validity/archive/165c75d350460c0f936600b17795ba40b298786b.tar.gz
- completed:
    size: 91828
    subdir: validity-bytestring
    url: https://github.com/NorfairKing/validity/archive/165c75d350460c0f936600b17795ba40b298786b.tar.gz
    name: validity-bytestring
    version: 0.4.1.0
    sha256: 0694407e4088c84f00f3a680fd68563a364b75c6fc60ce852ced8670430ac515
    pantry-tree:
      size: 273
      sha256: f1027893a3e5bc4d1c54303773bf984f00beed0d3771177f92ff5f1df96cc502
  original:
    subdir: validity-bytestring
    url: https://github.com/NorfairKing/validity/archive/165c75d350460c0f936600b17795ba40b298786b.tar.gz
- completed:
    size: 91828
    subdir: validity-containers
    url: https://github.com/NorfairKing/validity/archive/165c75d350460c0f936600b17795ba40b298786b.tar.gz
    name: validity-containers
    version: 0.5.0.0
    sha256: 0694407e4088c84f00f3a680fd68563a364b75c6fc60ce852ced8670430ac515
    pantry-tree:
      size: 534
      sha256: 03c34932a0c3042d93da4bd6653f0bd7007d3ad7856fccb477c3cb3f6f48949f
  original:
    subdir: validity-containers
    url: https://github.com/NorfairKing/validity/archive/165c75d350460c0f936600b17795ba40b298786b.tar.gz
- completed:
    size: 91828
    subdir: validity-path
    url: https://github.com/NorfairKing/validity/archive/165c75d350460c0f936600b17795ba40b298786b.tar.gz
    name: validity-path
    version: 0.4.0.0
    sha256: 0694407e4088c84f00f3a680fd68563a364b75c6fc60ce852ced8670430ac515
    pantry-tree:
      size: 389
      sha256: 265cdfb5e6071f94c4a7f638c760fc55054d68023ef59cc4562dae746e8f47da
  original:
    subdir: validity-path
    url: https://github.com/NorfairKing/validity/archive/165c75d350460c0f936600b17795ba40b298786b.tar.gz
- completed:
    size: 91828
    subdir: validity-scientific
    url: https://github.com/NorfairKing/validity/archive/165c75d350460c0f936600b17795ba40b298786b.tar.gz
    name: validity-scientific
    version: 0.2.0.2
    sha256: 0694407e4088c84f00f3a680fd68563a364b75c6fc60ce852ced8670430ac515
    pantry-tree:
      size: 220
      sha256: 14b1851c2346ad76b6b9fcadf2d280ae75bf118be38ee13b8be128945f1830f4
  original:
    subdir: validity-scientific
    url: https://github.com/NorfairKing/validity/archive/165c75d350460c0f936600b17795ba40b298786b.tar.gz
- completed:
    size: 91828
    subdir: validity-text
    url: https://github.com/NorfairKing/validity/archive/165c75d350460c0f936600b17795ba40b298786b.tar.gz
    name: validity-text
    version: 0.3.1.0
    sha256: 0694407e4088c84f00f3a680fd68563a364b75c6fc60ce852ced8670430ac515
    pantry-tree:
      size: 267
      sha256: 1ee09551076cd77c7efa841ed0af095fc09b95f8f18324a943e12ef2dfaa3817
  original:
    subdir: validity-text
    url: https://github.com/NorfairKing/validity/archive/165c75d350460c0f936600b17795ba40b298786b.tar.gz
- completed:
    size: 91828
    subdir: validity-time
    url: https://github.com/NorfairKing/validity/archive/165c75d350460c0f936600b17795ba40b298786b.tar.gz
    name: validity-time
    version: 0.2.0.2
    sha256: 0694407e4088c84f00f3a680fd68563a364b75c6fc60ce852ced8670430ac515
    pantry-tree:
      size: 508
      sha256: b829b484bafe9ae3a52afc96a4ac6139437a37fbae2bc9684ffa328574dde102
  original:
    subdir: validity-time
    url: https://github.com/NorfairKing/validity/archive/165c75d350460c0f936600b17795ba40b298786b.tar.gz
- completed:
    size: 91828
    subdir: validity-unordered-containers
    url: https://github.com/NorfairKing/validity/archive/165c75d350460c0f936600b17795ba40b298786b.tar.gz
    name: validity-unordered-containers
    version: 0.2.0.2
    sha256: 0694407e4088c84f00f3a680fd68563a364b75c6fc60ce852ced8670430ac515
    pantry-tree:
      size: 365
      sha256: 8007a0e10b7d0676581077fa7d46bbd41712fd4e731b961aee50f0c952155b2e
  original:
    subdir: validity-unordered-containers
    url: https://github.com/NorfairKing/validity/archive/165c75d350460c0f936600b17795ba40b298786b.tar.gz
- completed:
    size: 91828
    subdir: validity-uuid
    url: https://github.com/NorfairKing/validity/archive/165c75d350460c0f936600b17795ba40b298786b.tar.gz
    name: validity-uuid
    version: 0.1.0.2
    sha256: 0694407e4088c84f00f3a680fd68563a364b75c6fc60ce852ced8670430ac515
    pantry-tree:
      size: 214
      sha256: c1327427c320dd9661864a07186c2ea2f910f62b33a485ef6486079202f515c1
  original:
    subdir: validity-uuid
    url: https://github.com/NorfairKing/validity/archive/165c75d350460c0f936600b17795ba40b298786b.tar.gz
- completed:
    size: 91828
    subdir: validity-vector
    url: https://github.com/NorfairKing/validity/archive/165c75d350460c0f936600b17795ba40b298786b.tar.gz
    name: validity-vector
    version: 0.2.0.2
    sha256: 0694407e4088c84f00f3a680fd68563a364b75c6fc60ce852ced8670430ac515
    pantry-tree:
      size: 216
      sha256: 14c2dad8aa27b1934f6633dce75d0a40a954cd700416f42dc7b32a9c8e45edf5
  original:
    subdir: validity-vector
    url: https://github.com/NorfairKing/validity/archive/165c75d350460c0f936600b17795ba40b298786b.tar.gz
- completed:
    size: 91828
    subdir: genvalidity
    url: https://github.com/NorfairKing/validity/archive/165c75d350460c0f936600b17795ba40b298786b.tar.gz
    name: genvalidity
    version: 0.9.1.0
    sha256: 0694407e4088c84f00f3a680fd68563a364b75c6fc60ce852ced8670430ac515
    pantry-tree:
      size: 755
      sha256: 7197c7232102ac2bb995fc163434883a46ca066fc650c8cc2d7304b438e042dd
  original:
    subdir: genvalidity
    url: https://github.com/NorfairKing/validity/archive/165c75d350460c0f936600b17795ba40b298786b.tar.gz
- completed:
    size: 91828
    subdir: genvalidity-aeson
    url: https://github.com/NorfairKing/validity/archive/165c75d350460c0f936600b17795ba40b298786b.tar.gz
    name: genvalidity-aeson
    version: 0.3.0.0
    sha256: 0694407e4088c84f00f3a680fd68563a364b75c6fc60ce852ced8670430ac515
    pantry-tree:
      size: 393
      sha256: c48b8fddeb8eac724d7f11a6e6333ea60b88950075aa05e0a3f3d970f5df99d9
  original:
    subdir: genvalidity-aeson
    url: https://github.com/NorfairKing/validity/archive/165c75d350460c0f936600b17795ba40b298786b.tar.gz
- completed:
    size: 91828
    subdir: genvalidity-bytestring
    url: https://github.com/NorfairKing/validity/archive/165c75d350460c0f936600b17795ba40b298786b.tar.gz
    name: genvalidity-bytestring
    version: 0.5.0.0
    sha256: 0694407e4088c84f00f3a680fd68563a364b75c6fc60ce852ced8670430ac515
    pantry-tree:
      size: 408
      sha256: 81cab67b7ee53f8e22e62f34f6cc3e82f00376a3d38bbdb860aa3deaaf9329a2
  original:
    subdir: genvalidity-bytestring
    url: https://github.com/NorfairKing/validity/archive/165c75d350460c0f936600b17795ba40b298786b.tar.gz
- completed:
    size: 91828
    subdir: genvalidity-containers
    url: https://github.com/NorfairKing/validity/archive/165c75d350460c0f936600b17795ba40b298786b.tar.gz
    name: genvalidity-containers
    version: 0.8.0.1
    sha256: 0694407e4088c84f00f3a680fd68563a364b75c6fc60ce852ced8670430ac515
    pantry-tree:
      size: 978
      sha256: 5ca487dd39d9031332c6050f020d6d4656be2ad84ab75b7532bd7695724a25ab
  original:
    subdir: genvalidity-containers
    url: https://github.com/NorfairKing/validity/archive/165c75d350460c0f936600b17795ba40b298786b.tar.gz
- completed:
    size: 91828
    subdir: genvalidity-hspec
    url: https://github.com/NorfairKing/validity/archive/165c75d350460c0f936600b17795ba40b298786b.tar.gz
    name: genvalidity-hspec
    version: 0.7.0.3
    sha256: 0694407e4088c84f00f3a680fd68563a364b75c6fc60ce852ced8670430ac515
    pantry-tree:
      size: 2125
      sha256: 06bfe24f676492660a142770f010bb4c3b9372c7156aade549fccbf25e34c83b
  original:
    subdir: genvalidity-hspec
    url: https://github.com/NorfairKing/validity/archive/165c75d350460c0f936600b17795ba40b298786b.tar.gz
- completed:
    size: 91828
    subdir: genvalidity-hspec-aeson
    url: https://github.com/NorfairKing/validity/archive/165c75d350460c0f936600b17795ba40b298786b.tar.gz
    name: genvalidity-hspec-aeson
    version: 0.3.1.0
    sha256: 0694407e4088c84f00f3a680fd68563a364b75c6fc60ce852ced8670430ac515
    pantry-tree:
      size: 440
      sha256: 81aad02ca0341711d4e3b188a4a0d00f09339f8e44c361fedf714687226c3b01
  original:
    subdir: genvalidity-hspec-aeson
    url: https://github.com/NorfairKing/validity/archive/165c75d350460c0f936600b17795ba40b298786b.tar.gz
- completed:
    size: 91828
    subdir: genvalidity-path
    url: https://github.com/NorfairKing/validity/archive/165c75d350460c0f936600b17795ba40b298786b.tar.gz
    name: genvalidity-path
    version: 0.3.0.3
    sha256: 0694407e4088c84f00f3a680fd68563a364b75c6fc60ce852ced8670430ac515
    pantry-tree:
      size: 395
      sha256: 7b1f062a53a5181b2c117671a96aac8ea5b1c43a61cc7d0f3cc4770e021e8e72
  original:
    subdir: genvalidity-path
    url: https://github.com/NorfairKing/validity/archive/165c75d350460c0f936600b17795ba40b298786b.tar.gz
- completed:
    size: 91828
    subdir: genvalidity-property
    url: https://github.com/NorfairKing/validity/archive/165c75d350460c0f936600b17795ba40b298786b.tar.gz
    name: genvalidity-property
    version: 0.5.0.1
    sha256: 0694407e4088c84f00f3a680fd68563a364b75c6fc60ce852ced8670430ac515
    pantry-tree:
      size: 1864
      sha256: 6f831ee9ba094bdc702b0f7bdfadca654f4098a92a46f28454f1d296ffcbc7b8
  original:
    subdir: genvalidity-property
    url: https://github.com/NorfairKing/validity/archive/165c75d350460c0f936600b17795ba40b298786b.tar.gz
- completed:
    size: 91828
    subdir: genvalidity-scientific
    url: https://github.com/NorfairKing/validity/archive/165c75d350460c0f936600b17795ba40b298786b.tar.gz
    name: genvalidity-scientific
    version: 0.2.1.0
    sha256: 0694407e4088c84f00f3a680fd68563a364b75c6fc60ce852ced8670430ac515
    pantry-tree:
      size: 405
      sha256: a672ea61b45ae600def10f3a8c1d39f34929e97a9df022e9bd1270d0596ee062
  original:
    subdir: genvalidity-scientific
    url: https://github.com/NorfairKing/validity/archive/165c75d350460c0f936600b17795ba40b298786b.tar.gz
- completed:
    size: 91828
    subdir: genvalidity-text
    url: https://github.com/NorfairKing/validity/archive/165c75d350460c0f936600b17795ba40b298786b.tar.gz
    name: genvalidity-text
    version: 0.7.0.1
    sha256: 0694407e4088c84f00f3a680fd68563a364b75c6fc60ce852ced8670430ac515
    pantry-tree:
      size: 448
      sha256: 6fec708aca9522f2767c9ceec1112223d474dd273ce6643c82419588582f6164
  original:
    subdir: genvalidity-text
    url: https://github.com/NorfairKing/validity/archive/165c75d350460c0f936600b17795ba40b298786b.tar.gz
- completed:
    size: 91828
    subdir: genvalidity-time
    url: https://github.com/NorfairKing/validity/archive/165c75d350460c0f936600b17795ba40b298786b.tar.gz
    name: genvalidity-time
    version: 0.2.1.1
    sha256: 0694407e4088c84f00f3a680fd68563a364b75c6fc60ce852ced8670430ac515
    pantry-tree:
      size: 647
      sha256: cf8a8a1df3f6bd101375ee01773a0a7db96450bac922728dc30e17d9eab54b64
  original:
    subdir: genvalidity-time
    url: https://github.com/NorfairKing/validity/archive/165c75d350460c0f936600b17795ba40b298786b.tar.gz
- completed:
    size: 91828
    subdir: genvalidity-unordered-containers
    url: https://github.com/NorfairKing/validity/archive/165c75d350460c0f936600b17795ba40b298786b.tar.gz
    name: genvalidity-unordered-containers
    version: 0.3.0.0
    sha256: 0694407e4088c84f00f3a680fd68563a364b75c6fc60ce852ced8670430ac515
    pantry-tree:
      size: 563
      sha256: f19e69ce3c874ea8368ef0bf6c7a69697535b66ff8ec2c16a47af37dd5e9dc67
  original:
    subdir: genvalidity-unordered-containers
    url: https://github.com/NorfairKing/validity/archive/165c75d350460c0f936600b17795ba40b298786b.tar.gz
- completed:
    size: 91828
    subdir: genvalidity-uuid
    url: https://github.com/NorfairKing/validity/archive/165c75d350460c0f936600b17795ba40b298786b.tar.gz
    name: genvalidity-uuid
    version: 0.1.0.2
    sha256: 0694407e4088c84f00f3a680fd68563a364b75c6fc60ce852ced8670430ac515
    pantry-tree:
      size: 341
      sha256: 4d6f9c979274572ce51823e31372d28cd188f34acaeafb677fcc07d2bc07f06a
  original:
    subdir: genvalidity-uuid
    url: https://github.com/NorfairKing/validity/archive/165c75d350460c0f936600b17795ba40b298786b.tar.gz
- completed:
    size: 91828
    subdir: genvalidity-vector
    url: https://github.com/NorfairKing/validity/archive/165c75d350460c0f936600b17795ba40b298786b.tar.gz
    name: genvalidity-vector
    version: 0.3.0.0
    sha256: 0694407e4088c84f00f3a680fd68563a364b75c6fc60ce852ced8670430ac515
    pantry-tree:
      size: 395
      sha256: 2c33be12a18b2456089fcec60f8fb23d4816b64e1e2a3d07682b12edc58a9f0f
  original:
    subdir: genvalidity-vector
    url: https://github.com/NorfairKing/validity/archive/165c75d350460c0f936600b17795ba40b298786b.tar.gz
- completed:
    size: 3819
    subdir: typed-uuid
    url: https://github.com/NorfairKing/typed-uuid/archive/4c5739c5e231b1cee6bd568ec55734116691ac8f.tar.gz
    name: typed-uuid
    version: 0.0.0.0
    sha256: fe9f12e089a6189edef955be634186b8ec730567da62eb51b8c3689298daafff
    pantry-tree:
      size: 310
      sha256: 74138a901da7747bdfda232ea76b3a4cd8f686ffc71ea3c4dd08b6ec53a89239
  original:
    subdir: typed-uuid
    url: https://github.com/NorfairKing/typed-uuid/archive/4c5739c5e231b1cee6bd568ec55734116691ac8f.tar.gz
- completed:
    size: 3819
    subdir: genvalidity-typed-uuid
    url: https://github.com/NorfairKing/typed-uuid/archive/4c5739c5e231b1cee6bd568ec55734116691ac8f.tar.gz
    name: genvalidity-typed-uuid
    version: 0.0.0.0
    sha256: fe9f12e089a6189edef955be634186b8ec730567da62eb51b8c3689298daafff
    pantry-tree:
      size: 440
      sha256: 5753175b3524df7d963896e44d2dfd2d77ff0eb8535978d4c492b6ddf08af81e
  original:
    subdir: genvalidity-typed-uuid
    url: https://github.com/NorfairKing/typed-uuid/archive/4c5739c5e231b1cee6bd568ec55734116691ac8f.tar.gz
- completed:
    size: 10819
    url: https://github.com/NorfairKing/pretty-relative-time/archive/2abdb2ba83ad47b8369e2ef618c7c21b82d80b23.tar.gz
    name: pretty-relative-time
    version: 0.1.0.0
    sha256: 2057e489675e751bdec2e91373d78738167093f851c1fe970edc616a1ea97dfb
    pantry-tree:
      size: 1331
      sha256: 70663ba71b6709568854e840badab2b9d4baca87b019e3fbd254ff0bc2d6cd0f
  original:
    url: https://github.com/NorfairKing/pretty-relative-time/archive/2abdb2ba83ad47b8369e2ef618c7c21b82d80b23.tar.gz
snapshots:
- completed:
    size: 524154
    url: https://raw.githubusercontent.com/commercialhaskell/stackage-snapshots/master/lts/14/20.yaml
    sha256: 2f5099f69ddb6abfe64400fe1e6a604e8e628f55e6837211cd70a81eb0a8fa4d
  original: lts-14.20
